{
  "lockfile_version": "1",
  "packages": {
    "nodejs_18@18.20.8": {
      "last_modified": "2025-04-17T05:47:26Z",
      "plugin_version": "0.0.2",
      "resolved": "github:NixOS/nixpkgs/ebe4301cbd8f81c4f8d3244b3632338bbeb6d49c#nodejs_18",
      "source": "devbox-search",
      "version": "18.20.8",
      "systems": {
        "aarch64-darwin": {
          "outputs": [
            {
              "name": "out",
              "path": "/nix/store/73cc4bwqdn6pm3jj33yj5r2kwd0l755g-nodejs-18.20.8",
              "default": true
            },
            {
              "name": "dev",
              "path": "/nix/store/h4zmsb8h1lan5nfhsqllcjv8lh535m72-nodejs-18.20.8-dev"
            },
            {
              "name": "libv8",
              "path": "/nix/store/pplb0ibvjw0wjb8690f2ldj9kx2ifhdx-nodejs-18.20.8-libv8"
            }
          ],
          "store_path": "/nix/store/73cc4bwqdn6pm3jj33yj5r2kwd0l755g-nodejs-18.20.8"
        },
        "aarch64-linux": {
          "outputs": [
            {
              "name": "out",
              "path": "/nix/store/fkdigjnf5xaa0xg0y95xzylmglyvkk0a-nodejs-18.20.8",
              "default": true
            },
            {
              "name": "dev",
              "path": "/nix/store/22qpcyra5nbjhz5kfgb5ssnc0vvccvsy-nodejs-18.20.8-dev"
            },
            {
              "name": "libv8",
              "path": "/nix/store/l2w31asaqkqxi83q5vafpgq3xrqgq455-nodejs-18.20.8-libv8"
            }
          ],
          "store_path": "/nix/store/fkdigjnf5xaa0xg0y95xzylmglyvkk0a-nodejs-18.20.8"
        },
        "x86_64-darwin": {
          "outputs": [
            {
              "name": "out",
              "path": "/nix/store/ggvlfwnxvd0vynm8g572vnhia42nk347-nodejs-18.20.8",
              "default": true
            },
            {
              "name": "libv8",
              "path": "/nix/store/x86dr8x9xn0x2bxdk2231csaaxjh4lb3-nodejs-18.20.8-libv8"
            },
            {
              "name": "dev",
              "path": "/nix/store/0b7c4rbb38m6g9q0vcfczx3kbm3z7fns-nodejs-18.20.8-dev"
            }
          ],
          "store_path": "/nix/store/ggvlfwnxvd0vynm8g572vnhia42nk347-nodejs-18.20.8"
        },
        "x86_64-linux": {
          "outputs": [
            {
              "name": "out",
              "path": "/nix/store/0110yhlgniwfpy4iarjgnfqcvn6zhs37-nodejs-18.20.8",
              "default": true
            },
            {
              "name": "libv8",
              "path": "/nix/store/djyml6gzfhz511amx5d2mqy50p9hd2gz-nodejs-18.20.8-libv8"
            },
            {
              "name": "dev",
              "path": "/nix/store/9h65bm05d96j55ifsbb8w14r6f05c7kr-nodejs-18.20.8-dev"
            }
          ],
          "store_path": "/nix/store/0110yhlgniwfpy4iarjgnfqcvn6zhs37-nodejs-18.20.8"
        }
      }
    },
    "vsce@2.26": {
      "last_modified": "2024-05-22T06:18:38Z",
      "resolved": "github:NixOS/nixpkgs/3f316d2a50699a78afe5e77ca486ad553169061e#vsce",
      "source": "devbox-search",
      "version": "2.26.1",
      "systems": {
        "aarch64-darwin": {
          "outputs": [
            {
              "name": "out",
              "path": "/nix/store/ijx8dlx403q219b0981vickkgk2vvxfg-vsce-2.26.1",
              "default": true
            }
          ],
          "store_path": "/nix/store/ijx8dlx403q219b0981vickkgk2vvxfg-vsce-2.26.1"
        },
        "aarch64-linux": {
          "outputs": [
            {
              "name": "out",
              "path": "/nix/store/0yicgcnvrqyfdh208lmylnad6g03syda-vsce-2.26.1",
              "default": true
            }
          ],
          "store_path": "/nix/store/0yicgcnvrqyfdh208lmylnad6g03syda-vsce-2.26.1"
        },
        "x86_64-darwin": {
          "outputs": [
            {
              "name": "out",
              "path": "/nix/store/48w3k1sz6r85n77g2pcn8f4dn6j18mb5-vsce-2.26.1",
              "default": true
            }
          ],
          "store_path": "/nix/store/48w3k1sz6r85n77g2pcn8f4dn6j18mb5-vsce-2.26.1"
        },
        "x86_64-linux": {
          "outputs": [
            {
              "name": "out",
              "path": "/nix/store/aw41wckwmyd0vjb4fmlmxng46cdd1gwz-vsce-2.26.1",
              "default": true
            }
          ],
          "store_path": "/nix/store/aw41wckwmyd0vjb4fmlmxng46cdd1gwz-vsce-2.26.1"
        }
      }
    },
    "yarn@1.22": {
      "last_modified": "2024-09-10T15:01:03Z",
      "resolved": "github:NixOS/nixpkgs/5ed627539ac84809c78b2dd6d26a5cebeb5ae269#yarn",
      "source": "devbox-search",
      "version": "1.22.22",
      "systems": {
        "aarch64-darwin": {
          "outputs": [
            {
              "name": "out",
              "path": "/nix/store/6j0fflbrszc5k5kd7m36mn9ga6ds8zmr-yarn-1.22.22",
              "default": true
            }
          ],
          "store_path": "/nix/store/6j0fflbrszc5k5kd7m36mn9ga6ds8zmr-yarn-1.22.22"
        },
        "aarch64-linux": {
          "outputs": [
            {
              "name": "out",
              "path": "/nix/store/d1f5qfjkc24v2ng46x0qjsbiwrdfa6d3-yarn-1.22.22",
              "default": true
            }
          ],
          "store_path": "/nix/store/d1f5qfjkc24v2ng46x0qjsbiwrdfa6d3-yarn-1.22.22"
        },
        "x86_64-darwin": {
          "outputs": [
            {
              "name": "out",
              "path": "/nix/store/vfi9zsfiwq5yia28nx04zdmr9ij6nhi3-yarn-1.22.22",
              "default": true
            }
          ],
          "store_path": "/nix/store/vfi9zsfiwq5yia28nx04zdmr9ij6nhi3-yarn-1.22.22"
        },
        "x86_64-linux": {
          "outputs": [
            {
              "name": "out",
              "path": "/nix/store/9yd6frl42syv6vncdy619zblj2vg406g-yarn-1.22.22",
              "default": true
            }
          ],
          "store_path": "/nix/store/9yd6frl42syv6vncdy619zblj2vg406g-yarn-1.22.22"
        }
      }
    }
  }
}
